
Microsoft Visual Studio Solution File, Format Version 12.00
# Visual Studio Version 16
VisualStudioVersion = 16.0.30309.148
MinimumVisualStudioVersion = 10.0.40219.1
Project("{FAE04EC0-301F-11D3-BF4B-00C04F79EFBC}") = "KursT2L8", "KursT2L8.csproj", "{68997A2D-B5A6-4E63-872F-C5DF7ED520DA}"
EndProject
Global
	GlobalSection(SolutionConfigurationPlatforms) = preSolution
		Debug|Any CPU = Debug|Any CPU
		Release|Any CPU = Release|Any CPU
	EndGlobalSection
	GlobalSection(ProjectConfigurationPlatforms) = postSolution
		{68997A2D-B5A6-4E63-872F-C5DF7ED520DA}.Debug|Any CPU.ActiveCfg = Debug|Any CPU
		{68997A2D-B5A6-4E63-872F-C5DF7ED520DA}.Debug|Any CPU.Build.0 = Debug|Any CPU
		{68997A2D-B5A6-4E63-872F-C5DF7ED520DA}.Release|Any CPU.ActiveCfg = Release|Any CPU
		{68997A2D-B5A6-4E63-872F-C5DF7ED520DA}.Release|Any CPU.Build.0 = Release|Any CPU
	EndGlobalSection
	GlobalSection(SolutionProperties) = preSolution
		HideSolutionNode = FALSE
	EndGlobalSection
	GlobalSection(ExtensibilityGlobals) = postSolution
		SolutionGuid = {C908B327-B639-4E73-A867-32798312BB9D}
	EndGlobalSection
EndGlobal
